
Microsoft Visual Studio Solution File, Format Version 12.00
# Visual Studio Version 17
VisualStudioVersion = 17.8.34511.84
MinimumVisualStudioVersion = 10.0.40219.1
Project("{9A19103F-16F7-4668-BE54-9A1E7A4F7556}") = "AutoCADLoader", "AutoCADLoader\AutoCADLoader.csproj", "{179F0517-CEB3-483D-8DB0-B92D2C9E8360}"
EndProject
Global
	GlobalSection(SolutionConfigurationPlatforms) = preSolution
		Debug|Any CPU = Debug|Any CPU
		Debug|x64 = Debug|x64
		Installer|Any CPU = Installer|Any CPU
		Installer|x64 = Installer|x64
		Release|Any CPU = Release|Any CPU
		Release|x64 = Release|x64
	EndGlobalSection
	GlobalSection(ProjectConfigurationPlatforms) = postSolution
		{179F0517-CEB3-483D-8DB0-B92D2C9E8360}.Debug|Any CPU.ActiveCfg = Debug|Any CPU
		{179F0517-CEB3-483D-8DB0-B92D2C9E8360}.Debug|Any CPU.Build.0 = Debug|Any CPU
		{179F0517-CEB3-483D-8DB0-B92D2C9E8360}.Debug|x64.ActiveCfg = Debug|Any CPU
		{179F0517-CEB3-483D-8DB0-B92D2C9E8360}.Debug|x64.Build.0 = Debug|Any CPU
		{179F0517-CEB3-483D-8DB0-B92D2C9E8360}.Installer|Any CPU.ActiveCfg = Release|Any CPU
		{179F0517-CEB3-483D-8DB0-B92D2C9E8360}.Installer|Any CPU.Build.0 = Release|Any CPU
		{179F0517-CEB3-483D-8DB0-B92D2C9E8360}.Installer|x64.ActiveCfg = Release|Any CPU
		{179F0517-CEB3-483D-8DB0-B92D2C9E8360}.Installer|x64.Build.0 = Release|Any CPU
		{179F0517-CEB3-483D-8DB0-B92D2C9E8360}.Release|Any CPU.ActiveCfg = Release|Any CPU
		{179F0517-CEB3-483D-8DB0-B92D2C9E8360}.Release|Any CPU.Build.0 = Release|Any CPU
		{179F0517-CEB3-483D-8DB0-B92D2C9E8360}.Release|x64.ActiveCfg = Release|Any CPU
		{179F0517-CEB3-483D-8DB0-B92D2C9E8360}.Release|x64.Build.0 = Release|Any CPU
	EndGlobalSection
	GlobalSection(SolutionProperties) = preSolution
		HideSolutionNode = FALSE
	EndGlobalSection
	GlobalSection(ExtensibilityGlobals) = postSolution
		SolutionGuid = {C4AFD3EB-00A9-4926-B69C-8BD841EB8207}
	EndGlobalSection
EndGlobal
